
Microsoft Visual Studio Solution File, Format Version 12.00
# Visual Studio 14
VisualStudioVersion = 14.0.25420.1
MinimumVisualStudioVersion = 10.0.40219.1
Project("{FAE04EC0-301F-11D3-BF4B-00C04F79EFBC}") = "SysLogServer", "SysLogServer\SysLogServer.csproj", "{DA0D537F-AA7D-43BE-9AFE-F2A977D4720E}"
EndProject
Project("{FAE04EC0-301F-11D3-BF4B-00C04F79EFBC}") = "SysLogServer.Contracts", "SysLogServer.Contracts\SysLogServer.Contracts.csproj", "{C2FF5BCF-90F8-44B4-A478-76A5679AF94B}"
EndProject
Project("{FAE04EC0-301F-11D3-BF4B-00C04F79EFBC}") = "SysLogServer.HandleToConsole", "SysLogServer.HandleToConsole\SysLogServer.HandleToConsole.csproj", "{0F164243-3F23-4B0C-BC66-4C7ED23A1007}"
EndProject
Project("{FAE04EC0-301F-11D3-BF4B-00C04F79EFBC}") = "SysLogServer.HandleToFile", "SysLogServer.HandleToFile\SysLogServer.HandleToFile.csproj", "{CE2EB58C-76D9-4D13-B402-E6D8C6B0F540}"
EndProject
Global
	GlobalSection(SolutionConfigurationPlatforms) = preSolution
		Debug|Any CPU = Debug|Any CPU
		Release|Any CPU = Release|Any CPU
	EndGlobalSection
	GlobalSection(ProjectConfigurationPlatforms) = postSolution
		{DA0D537F-AA7D-43BE-9AFE-F2A977D4720E}.Debug|Any CPU.ActiveCfg = Debug|Any CPU
		{DA0D537F-AA7D-43BE-9AFE-F2A977D4720E}.Debug|Any CPU.Build.0 = Debug|Any CPU
		{DA0D537F-AA7D-43BE-9AFE-F2A977D4720E}.Release|Any CPU.ActiveCfg = Release|Any CPU
		{DA0D537F-AA7D-43BE-9AFE-F2A977D4720E}.Release|Any CPU.Build.0 = Release|Any CPU
		{C2FF5BCF-90F8-44B4-A478-76A5679AF94B}.Debug|Any CPU.ActiveCfg = Debug|Any CPU
		{C2FF5BCF-90F8-44B4-A478-76A5679AF94B}.Debug|Any CPU.Build.0 = Debug|Any CPU
		{C2FF5BCF-90F8-44B4-A478-76A5679AF94B}.Release|Any CPU.ActiveCfg = Release|Any CPU
		{C2FF5BCF-90F8-44B4-A478-76A5679AF94B}.Release|Any CPU.Build.0 = Release|Any CPU
		{0F164243-3F23-4B0C-BC66-4C7ED23A1007}.Debug|Any CPU.ActiveCfg = Debug|Any CPU
		{0F164243-3F23-4B0C-BC66-4C7ED23A1007}.Debug|Any CPU.Build.0 = Debug|Any CPU
		{0F164243-3F23-4B0C-BC66-4C7ED23A1007}.Release|Any CPU.ActiveCfg = Release|Any CPU
		{0F164243-3F23-4B0C-BC66-4C7ED23A1007}.Release|Any CPU.Build.0 = Release|Any CPU
		{CE2EB58C-76D9-4D13-B402-E6D8C6B0F540}.Debug|Any CPU.ActiveCfg = Debug|Any CPU
		{CE2EB58C-76D9-4D13-B402-E6D8C6B0F540}.Debug|Any CPU.Build.0 = Debug|Any CPU
		{CE2EB58C-76D9-4D13-B402-E6D8C6B0F540}.Release|Any CPU.ActiveCfg = Release|Any CPU
		{CE2EB58C-76D9-4D13-B402-E6D8C6B0F540}.Release|Any CPU.Build.0 = Release|Any CPU
	EndGlobalSection
	GlobalSection(SolutionProperties) = preSolution
		HideSolutionNode = FALSE
	EndGlobalSection
EndGlobal
